{
  "version": 4,
  "terraform_version": "1.9.6",
  "serial": 3,
  "lineage": "9cd7afda-d5f9-18c0-3ce4-00864ab934b0",
  "outputs": {},
  "resources": [
    {
      "module": "module.azurerm_rg",
      "mode": "managed",
      "type": "azurerm_resource_group",
      "name": "rg",
      "provider": "provider[\"registry.terraform.io/hashicorp/azurerm\"]",
      "instances": [
        {
          "index_key": "prod-rg1",
          "schema_version": 0,
          "attributes": {
            "id": "/subscriptions/098b31e6-2f58-4a07-9c47-eb8f27788c66/resourceGroups/prod-rg1",
            "location": "eastus",
            "managed_by": "",
            "name": "prod-rg1",
            "tags": null,
            "timeouts": null
          },
          "sensitive_attributes": [],
          "private": "eyJlMmJmYjczMC1lY2FhLTExZTYtOGY4OC0zNDM2M2JjN2M0YzAiOnsiY3JlYXRlIjo1NDAwMDAwMDAwMDAwLCJkZWxldGUiOjU0MDAwMDAwMDAwMDAsInJlYWQiOjMwMDAwMDAwMDAwMCwidXBkYXRlIjo1NDAwMDAwMDAwMDAwfX0="
        },
        {
          "index_key": "prod-rg2",
          "schema_version": 0,
          "attributes": {
            "id": "/subscriptions/098b31e6-2f58-4a07-9c47-eb8f27788c66/resourceGroups/prod-rg2",
            "location": "westus",
            "managed_by": "",
            "name": "prod-rg2",
            "tags": null,
            "timeouts": null
          },
          "sensitive_attributes": [],
          "private": "eyJlMmJmYjczMC1lY2FhLTExZTYtOGY4OC0zNDM2M2JjN2M0YzAiOnsiY3JlYXRlIjo1NDAwMDAwMDAwMDAwLCJkZWxldGUiOjU0MDAwMDAwMDAwMDAsInJlYWQiOjMwMDAwMDAwMDAwMCwidXBkYXRlIjo1NDAwMDAwMDAwMDAwfX0="
        }
      ]
    }
  ],
  "check_results": null
}
